
Microsoft Visual Studio Solution File, Format Version 12.00
# Visual Studio 15
VisualStudioVersion = 15.0.28307.572
MinimumVisualStudioVersion = 10.0.40219.1
Project("{9A19103F-16F7-4668-BE54-9A1E7A4F7556}") = "TypeSearch", "TypeSearch\TypeSearch.csproj", "{BA7AB027-A32B-4602-BB8F-859D6AFE740E}"
EndProject
Project("{9A19103F-16F7-4668-BE54-9A1E7A4F7556}") = "TypeSearch.Tests", "TypeSearch.Tests\TypeSearch.Tests.csproj", "{77B1E352-7C0B-4646-A967-137C0640676E}"
EndProject
Project("{9A19103F-16F7-4668-BE54-9A1E7A4F7556}") = "TypeSearch.Tests.EfCore", "TypeSearch.Tests.EfCore\TypeSearch.Tests.EfCore.csproj", "{48ED1AC3-79E9-4CC5-BB71-EA6B6DE74568}"
EndProject
Global
	GlobalSection(SolutionConfigurationPlatforms) = preSolution
		Debug|Any CPU = Debug|Any CPU
		Release|Any CPU = Release|Any CPU
	EndGlobalSection
	GlobalSection(ProjectConfigurationPlatforms) = postSolution
		{BA7AB027-A32B-4602-BB8F-859D6AFE740E}.Debug|Any CPU.ActiveCfg = Debug|Any CPU
		{BA7AB027-A32B-4602-BB8F-859D6AFE740E}.Debug|Any CPU.Build.0 = Debug|Any CPU
		{BA7AB027-A32B-4602-BB8F-859D6AFE740E}.Release|Any CPU.ActiveCfg = Release|Any CPU
		{BA7AB027-A32B-4602-BB8F-859D6AFE740E}.Release|Any CPU.Build.0 = Release|Any CPU
		{77B1E352-7C0B-4646-A967-137C0640676E}.Debug|Any CPU.ActiveCfg = Debug|Any CPU
		{77B1E352-7C0B-4646-A967-137C0640676E}.Debug|Any CPU.Build.0 = Debug|Any CPU
		{77B1E352-7C0B-4646-A967-137C0640676E}.Release|Any CPU.ActiveCfg = Release|Any CPU
		{77B1E352-7C0B-4646-A967-137C0640676E}.Release|Any CPU.Build.0 = Release|Any CPU
		{48ED1AC3-79E9-4CC5-BB71-EA6B6DE74568}.Debug|Any CPU.ActiveCfg = Debug|Any CPU
		{48ED1AC3-79E9-4CC5-BB71-EA6B6DE74568}.Debug|Any CPU.Build.0 = Debug|Any CPU
		{48ED1AC3-79E9-4CC5-BB71-EA6B6DE74568}.Release|Any CPU.ActiveCfg = Release|Any CPU
		{48ED1AC3-79E9-4CC5-BB71-EA6B6DE74568}.Release|Any CPU.Build.0 = Release|Any CPU
	EndGlobalSection
	GlobalSection(SolutionProperties) = preSolution
		HideSolutionNode = FALSE
	EndGlobalSection
	GlobalSection(ExtensibilityGlobals) = postSolution
		SolutionGuid = {392FAC61-605F-4772-AAC8-AA4B65B651CA}
	EndGlobalSection
	GlobalSection(TeamFoundationVersionControl) = preSolution
		SccNumberOfProjects = 4
		SccEnterpriseProvider = {4CA58AB2-18FA-4F8D-95D4-32DDF27D184C}
		SccTeamFoundationServer = https://jgprojects.visualstudio.com/
		SccLocalPath0 = .
		SccProjectUniqueName1 = TypeSearch\\TypeSearch.csproj
		SccProjectName1 = TypeSearch
		SccLocalPath1 = TypeSearch
		SccProjectUniqueName2 = TypeSearch.Tests\\TypeSearch.Tests.csproj
		SccProjectName2 = TypeSearch.Tests
		SccLocalPath2 = TypeSearch.Tests
		SccProjectUniqueName3 = TypeSearch.Tests.EfCore\\TypeSearch.Tests.EfCore.csproj
		SccProjectName3 = TypeSearch.Tests.EfCore
		SccLocalPath3 = TypeSearch.Tests.EfCore
	EndGlobalSection
EndGlobal
