
Microsoft Visual Studio Solution File, Format Version 12.00
# Visual Studio Version 16
VisualStudioVersion = 16.0.31313.79
MinimumVisualStudioVersion = 10.0.40219.1
Project("{9A19103F-16F7-4668-BE54-9A1E7A4F7556}") = "TypeSearch", "TypeSearch\TypeSearch.csproj", "{BA7AB027-A32B-4602-BB8F-859D6AFE740E}"
EndProject
Project("{9A19103F-16F7-4668-BE54-9A1E7A4F7556}") = "TypeSearch.Tests", "TypeSearch.Tests\TypeSearch.Tests.csproj", "{77B1E352-7C0B-4646-A967-137C0640676E}"
EndProject
Project("{9A19103F-16F7-4668-BE54-9A1E7A4F7556}") = "TypeSearch.Tests.EfCore", "TypeSearch.Tests.EfCore\TypeSearch.Tests.EfCore.csproj", "{48ED1AC3-79E9-4CC5-BB71-EA6B6DE74568}"
EndProject
Project("{FAE04EC0-301F-11D3-BF4B-00C04F79EFBC}") = "TypeSearch.EF", "TypeSearch.EF\TypeSearch.EF.csproj", "{CA8BB3AB-BF16-43E8-9B37-B3E4394481E9}"
EndProject
Project("{2150E333-8FDC-42A3-9474-1A3956D46DE8}") = "Tests", "Tests", "{92321DF4-753A-49DB-B696-3480B509284E}"
EndProject
Project("{FAE04EC0-301F-11D3-BF4B-00C04F79EFBC}") = "TypeSearch.EFCore", "TypeSearch.EFCore\TypeSearch.EFCore.csproj", "{E72B28CD-3F60-488E-A34B-A055370E378C}"
EndProject
Global
	GlobalSection(SolutionConfigurationPlatforms) = preSolution
		Debug|Any CPU = Debug|Any CPU
		Release|Any CPU = Release|Any CPU
	EndGlobalSection
	GlobalSection(ProjectConfigurationPlatforms) = postSolution
		{BA7AB027-A32B-4602-BB8F-859D6AFE740E}.Debug|Any CPU.ActiveCfg = Debug|Any CPU
		{BA7AB027-A32B-4602-BB8F-859D6AFE740E}.Debug|Any CPU.Build.0 = Debug|Any CPU
		{BA7AB027-A32B-4602-BB8F-859D6AFE740E}.Release|Any CPU.ActiveCfg = Release|Any CPU
		{BA7AB027-A32B-4602-BB8F-859D6AFE740E}.Release|Any CPU.Build.0 = Release|Any CPU
		{77B1E352-7C0B-4646-A967-137C0640676E}.Debug|Any CPU.ActiveCfg = Debug|Any CPU
		{77B1E352-7C0B-4646-A967-137C0640676E}.Debug|Any CPU.Build.0 = Debug|Any CPU
		{77B1E352-7C0B-4646-A967-137C0640676E}.Release|Any CPU.ActiveCfg = Release|Any CPU
		{77B1E352-7C0B-4646-A967-137C0640676E}.Release|Any CPU.Build.0 = Release|Any CPU
		{48ED1AC3-79E9-4CC5-BB71-EA6B6DE74568}.Debug|Any CPU.ActiveCfg = Debug|Any CPU
		{48ED1AC3-79E9-4CC5-BB71-EA6B6DE74568}.Debug|Any CPU.Build.0 = Debug|Any CPU
		{48ED1AC3-79E9-4CC5-BB71-EA6B6DE74568}.Release|Any CPU.ActiveCfg = Release|Any CPU
		{48ED1AC3-79E9-4CC5-BB71-EA6B6DE74568}.Release|Any CPU.Build.0 = Release|Any CPU
		{CA8BB3AB-BF16-43E8-9B37-B3E4394481E9}.Debug|Any CPU.ActiveCfg = Debug|Any CPU
		{CA8BB3AB-BF16-43E8-9B37-B3E4394481E9}.Debug|Any CPU.Build.0 = Debug|Any CPU
		{CA8BB3AB-BF16-43E8-9B37-B3E4394481E9}.Release|Any CPU.ActiveCfg = Release|Any CPU
		{CA8BB3AB-BF16-43E8-9B37-B3E4394481E9}.Release|Any CPU.Build.0 = Release|Any CPU
		{E72B28CD-3F60-488E-A34B-A055370E378C}.Debug|Any CPU.ActiveCfg = Debug|Any CPU
		{E72B28CD-3F60-488E-A34B-A055370E378C}.Debug|Any CPU.Build.0 = Debug|Any CPU
		{E72B28CD-3F60-488E-A34B-A055370E378C}.Release|Any CPU.ActiveCfg = Release|Any CPU
		{E72B28CD-3F60-488E-A34B-A055370E378C}.Release|Any CPU.Build.0 = Release|Any CPU
	EndGlobalSection
	GlobalSection(SolutionProperties) = preSolution
		HideSolutionNode = FALSE
	EndGlobalSection
	GlobalSection(NestedProjects) = preSolution
		{77B1E352-7C0B-4646-A967-137C0640676E} = {92321DF4-753A-49DB-B696-3480B509284E}
		{48ED1AC3-79E9-4CC5-BB71-EA6B6DE74568} = {92321DF4-753A-49DB-B696-3480B509284E}
	EndGlobalSection
	GlobalSection(ExtensibilityGlobals) = postSolution
		SolutionGuid = {392FAC61-605F-4772-AAC8-AA4B65B651CA}
	EndGlobalSection
EndGlobal
